Microsoft Visual Studio Solution File, Format Version 12.00
# Visual Studio Version 17
VisualStudioVersion = 17.5.2.0
MinimumVisualStudioVersion = 10.0.40219.1
Project("{2150E333-8FDC-42A3-9474-1A3956D46DE8}") = "CoachCli", "CoachCli", "{7A64EFE4-2FB4-1BB3-E199-D676B9EB8770}"
EndProject
Project("{FAE04EC0-301F-11D3-BF4B-00C04F79EFBC}") = "CoachCli", "CoachCli\CoachCli\CoachCli.csproj", "{0CE96F08-AE1E-7A22-EE1C-7AFE24504A24}"
EndProject
Global
	GlobalSection(SolutionConfigurationPlatforms) = preSolution
		Debug|Any CPU = Debug|Any CPU
		Release|Any CPU = Release|Any CPU
	EndGlobalSection
	GlobalSection(ProjectConfigurationPlatforms) = postSolution
		{0CE96F08-AE1E-7A22-EE1C-7AFE24504A24}.Debug|Any CPU.ActiveCfg = Debug|Any CPU
		{0CE96F08-AE1E-7A22-EE1C-7AFE24504A24}.Debug|Any CPU.Build.0 = Debug|Any CPU
		{0CE96F08-AE1E-7A22-EE1C-7AFE24504A24}.Release|Any CPU.ActiveCfg = Release|Any CPU
		{0CE96F08-AE1E-7A22-EE1C-7AFE24504A24}.Release|Any CPU.Build.0 = Release|Any CPU
	EndGlobalSection
	GlobalSection(SolutionProperties) = preSolution
		HideSolutionNode = FALSE
	EndGlobalSection
	GlobalSection(NestedProjects) = preSolution
		{0CE96F08-AE1E-7A22-EE1C-7AFE24504A24} = {7A64EFE4-2FB4-1BB3-E199-D676B9EB8770}
	EndGlobalSection
	GlobalSection(ExtensibilityGlobals) = postSolution
		SolutionGuid = {E387BEAB-2E1B-4561-92A2-57F5BCAABEE9}
	EndGlobalSection
EndGlobal
